# THIS IS AN AUTOGENERATED FILE. DO NOT EDIT THIS FILE DIRECTLY.
# yarn lockfile v1


"@aikochan2k6/qrcode-terminal@^0.12.1":
  version "0.12.1"
  resolved "https://registry.yarnpkg.com/@aikochan2k6/qrcode-terminal/-/qrcode-terminal-0.12.1.tgz#d18fad1643eccb8c5f226bb355f362b024351a00"
  integrity sha512-GfSrCCqKti0XyomCOaFRL//dnEpDux4tJleywuYChjHue+pqjM0lP39cQq8qtmfcOm1CqhWQeB6JS6kY4tQ8Tw==

"@discordjs/builders@^1.6.3":
  version "1.8.1"
  resolved "https://registry.yarnpkg.com/@discordjs/builders/-/builders-1.8.1.tgz#5bca6e50a012492ecc03480ced53cbc7a1aac054"
  integrity sha512-GkF+HM01FHy+NSoTaUPR8z44otfQgJ1AIsRxclYGUZDyUbdZEFyD/5QVv2Y1Flx6M+B0bQLzg2M9CJv5lGTqpA==
  dependencies:
    "@discordjs/formatters" "^0.4.0"
    "@discordjs/util" "^1.1.0"
    "@sapphire/shapeshift" "^3.9.7"
    discord-api-types "0.37.83"
    fast-deep-equal "^3.1.3"
    ts-mixer "^6.0.4"
    tslib "^2.6.2"

"@discordjs/collection@^1.5.3":
  version "1.5.3"
  resolved "https://registry.yarnpkg.com/@discordjs/collection/-/collection-1.5.3.tgz#5a1250159ebfff9efa4f963cfa7e97f1b291be18"
  integrity sha512-SVb428OMd3WO1paV3rm6tSjM4wC+Kecaa1EUGX7vc6/fddvw/6lg90z4QtCqm21zvVe92vMMDt9+DkIvjXImQQ==

"@discordjs/formatters@^0.4.0":
  version "0.4.0"
  resolved "https://registry.yarnpkg.com/@discordjs/formatters/-/formatters-0.4.0.tgz#066a2c2163b26ac066e6f621f17445be9690c6a9"
  integrity sha512-fJ06TLC1NiruF35470q3Nr1bi95BdvKFAF+T5bNfZJ4bNdqZ3VZ+Ttg6SThqTxm6qumSG3choxLBHMC69WXNXQ==
  dependencies:
    discord-api-types "0.37.83"

"@discordjs/util@^1.1.0":
  version "1.1.0"
  resolved "https://registry.yarnpkg.com/@discordjs/util/-/util-1.1.0.tgz#dcffd2b61aab8eadd66bea67811bc34fc769bb2a"
  integrity sha512-IndcI5hzlNZ7GS96RV3Xw1R2kaDuXEp7tRIy/KlhidpN/BQ1qh1NZt3377dMLTa44xDUNKT7hnXkA/oUAzD/lg==

"@sapphire/async-queue@^1.5.1":
  version "1.5.2"
  resolved "https://registry.yarnpkg.com/@sapphire/async-queue/-/async-queue-1.5.2.tgz#2982dce16e5b8b1ea792604d20c23c0585877b97"
  integrity sha512-7X7FFAA4DngXUl95+hYbUF19bp1LGiffjJtu7ygrZrbdCSsdDDBaSjB7Akw0ZbOu6k0xpXyljnJ6/RZUvLfRdg==

"@sapphire/shapeshift@^3.9.5", "@sapphire/shapeshift@^3.9.7":
  version "3.9.7"
  resolved "https://registry.yarnpkg.com/@sapphire/shapeshift/-/shapeshift-3.9.7.tgz#43e23243cac8a0c046bf1e73baf3dbf407d33a0c"
  integrity sha512-4It2mxPSr4OGn4HSQWGmhFMsNFGfFVhWeRPCRwbH972Ek2pzfGRZtb0pJ4Ze6oIzcyh2jw7nUDa6qGlWofgd9g==
  dependencies:
    fast-deep-equal "^3.1.3"
    lodash "^4.17.21"

"@types/node-fetch@^2.6.10":
  version "2.6.11"
  resolved "https://registry.yarnpkg.com/@types/node-fetch/-/node-fetch-2.6.11.tgz#9b39b78665dae0e82a08f02f4967d62c66f95d24"
  integrity sha512-24xFj9R5+rfQJLRyM56qh+wnVSYhyXC2tkoBndtY0U+vubqNsYXGjufB2nn8Q6gt0LrARwL6UBtMCSVCwl4B1g==
  dependencies:
    "@types/node" "*"
    form-data "^4.0.0"

"@types/node@*":
  version "20.12.13"
  resolved "https://registry.yarnpkg.com/@types/node/-/node-20.12.13.tgz#90ed3b8a4e52dd3c5dc5a42dde5b85b74ad8ed88"
  integrity sha512-gBGeanV41c1L171rR7wjbMiEpEI/l5XFQdLLfhr/REwpgDy/4U8y89+i8kRiLzDyZdOkXh+cRaTetUnCYutoXA==
  dependencies:
    undici-types "~5.26.4"

"@types/ws@^8.5.10":
  version "8.5.10"
  resolved "https://registry.yarnpkg.com/@types/ws/-/ws-8.5.10.tgz#4acfb517970853fa6574a3a6886791d04a396787"
  integrity sha512-vmQSUcfalpIq0R9q7uTo2lXs6eGIpt9wtnLdMv9LVpIjCA/+ufZRozlVoVelIYixx1ugCBKDhn89vnsEGOCx9A==
  dependencies:
    "@types/node" "*"

asynckit@^0.4.0:
  version "0.4.0"
  resolved "https://registry.yarnpkg.com/asynckit/-/asynckit-0.4.0.tgz#c79ed97f7f34cb8f2ba1bc9790bcc366474b4b79"
  integrity sha512-Oei9OH4tRh0YqU3GxhX79dM/mwVgvbZJaSNaRk+bshkj0S5cfHcgYakreBjrHwatXKbz+IoIdYLxrKim2MjW0Q==

combined-stream@^1.0.8:
  version "1.0.8"
  resolved "https://registry.yarnpkg.com/combined-stream/-/combined-stream-1.0.8.tgz#c3d45a8b34fd730631a110a8a2520682b31d5a7f"
  integrity sha512-FQN4MRfuJeHf7cBbBMJFXhKSDq+2kAArBlmRBvcvFE5BB1HZKXtSFASDhdlz9zOYwxh8lDdnvmMOe/+5cdoEdg==
  dependencies:
    delayed-stream "~1.0.0"

delayed-stream@~1.0.0:
  version "1.0.0"
  resolved "https://registry.yarnpkg.com/delayed-stream/-/delayed-stream-1.0.0.tgz#df3ae199acadfb7d440aaae0b29e2272b24ec619"
  integrity sha512-ZySD7Nf91aLB0RxL4KGrKHBXl7Eds1DAmEdcoVawXnLD7SDhpNgtuII2aAkg7a7QS41jxPSZ17p4VdGnMHk3MQ==

discord-api-types@0.37.83:
  version "0.37.83"
  resolved "https://registry.yarnpkg.com/discord-api-types/-/discord-api-types-0.37.83.tgz#a22a799729ceded8176ea747157837ddf4708b1f"
  integrity sha512-urGGYeWtWNYMKnYlZnOnDHm8fVRffQs3U0SpE8RHeiuLKb/u92APS8HoQnPTFbnXmY1vVnXjXO4dOxcAn3J+DA==

discord-api-types@^0.37.61:
  version "0.37.86"
  resolved "https://registry.yarnpkg.com/discord-api-types/-/discord-api-types-0.37.86.tgz#fdf36781db44b8fd8d524027fa63be48edffe0cc"
  integrity sha512-ofpVLHshKdKl+XuZBbwOBSlgQFPJPzMuUiBpala3+ImPHBVo7ojZpzJUu2NJV/f0t1kqncechDugQpO5AjZnxg==

discord.js-selfbot-v13@^3.1.4:
  version "3.1.4"
  resolved "https://registry.yarnpkg.com/discord.js-selfbot-v13/-/discord.js-selfbot-v13-3.1.4.tgz#90bb3735704ed49ee4c8a08f44c0add00d42373f"
  integrity sha512-MkUBnrRKIFsA8M/9IUxrGzZNJypzwA5mwyF3ZV4NJldHw6Z8GBAnkmH10rK8B2uUuCY+tfMSHbOxo796LUZiYg==
  dependencies:
    "@aikochan2k6/qrcode-terminal" "^0.12.1"
    "@discordjs/builders" "^1.6.3"
    "@discordjs/collection" "^1.5.3"
    "@sapphire/async-queue" "^1.5.1"
    "@sapphire/shapeshift" "^3.9.5"
    "@types/node-fetch" "^2.6.10"
    "@types/ws" "^8.5.10"
    discord-api-types "^0.37.61"
    fetch-cookie "^2.1.0"
    form-data "^4.0.0"
    node-fetch "^2.6.9"
    tough-cookie "^4.1.3"
    ws "^8.16.0"

fast-deep-equal@^3.1.3:
  version "3.1.3"
  resolved "https://registry.yarnpkg.com/fast-deep-equal/-/fast-deep-equal-3.1.3.tgz#3a7d56b559d6cbc3eb512325244e619a65c6c525"
  integrity sha512-f3qQ9oQy9j2AhBe/H9VC91wLmKBCCU/gDOnKNAYG5hswO7BLKj09Hc5HYNz9cGI++xlpDCIgDaitVs03ATR84Q==

fetch-cookie@^2.1.0:
  version "2.2.0"
  resolved "https://registry.yarnpkg.com/fetch-cookie/-/fetch-cookie-2.2.0.tgz#01086b6b5b1c3e08f15ffd8647b02ca100377365"
  integrity sha512-h9AgfjURuCgA2+2ISl8GbavpUdR+WGAM2McW/ovn4tVccegp8ZqCKWSBR8uRdM8dDNlx5WdKRWxBYUwteLDCNQ==
  dependencies:
    set-cookie-parser "^2.4.8"
    tough-cookie "^4.0.0"

form-data@^4.0.0:
  version "4.0.0"
  resolved "https://registry.yarnpkg.com/form-data/-/form-data-4.0.0.tgz#93919daeaf361ee529584b9b31664dc12c9fa452"
  integrity sha512-ETEklSGi5t0QMZuiXoA/Q6vcnxcLQP5vdugSpuAyi6SVGi2clPPp+xgEhuMaHC+zGgn31Kd235W35f7Hykkaww==
  dependencies:
    asynckit "^0.4.0"
    combined-stream "^1.0.8"
    mime-types "^2.1.12"

keypress@^0.2.1:
  version "0.2.1"
  resolved "https://registry.yarnpkg.com/keypress/-/keypress-0.2.1.tgz#1e80454250018dbad4c3fe94497d6e67b6269c77"
  integrity sha512-HjorDJFNhnM4SicvaUXac0X77NiskggxJdesG72+O5zBKpSqKFCrqmndKVqpu3pFqkla0St6uGk8Ju0sCurrmg==

lodash@^4.17.21:
  version "4.17.21"
  resolved "https://registry.yarnpkg.com/lodash/-/lodash-4.17.21.tgz#679591c564c3bffaae8454cf0b3df370c3d6911c"
  integrity sha512-v2kDEe57lecTulaDIuNTPy3Ry4gLGJ6Z1O3vE1krgXZNrsQ+LFTGHVxVjcXPs17LhbZVGedAJv8XZ1tvj5FvSg==

mime-db@1.52.0:
  version "1.52.0"
  resolved "https://registry.yarnpkg.com/mime-db/-/mime-db-1.52.0.tgz#bbabcdc02859f4987301c856e3387ce5ec43bf70"
  integrity sha512-sPU4uV7dYlvtWJxwwxHD0PuihVNiE7TyAbQ5SWxDCB9mUYvOgroQOwYQQOKPJ8CIbE+1ETVlOoK1UC2nU3gYvg==

mime-types@^2.1.12:
  version "2.1.35"
  resolved "https://registry.yarnpkg.com/mime-types/-/mime-types-2.1.35.tgz#381a871b62a734450660ae3deee44813f70d959a"
  integrity sha512-ZDY+bPm5zTTF+YpCrAU9nK0UgICYPT0QtT1NZWFv4s++TNkcgVaT0g6+4R2uI4MjQjzysHB1zxuWL50hzaeXiw==
  dependencies:
    mime-db "1.52.0"

node-fetch@^2.6.9:
  version "2.7.0"
  resolved "https://registry.yarnpkg.com/node-fetch/-/node-fetch-2.7.0.tgz#d0f0fa6e3e2dc1d27efcd8ad99d550bda94d187d"
  integrity sha512-c4FRfUm/dbcWZ7U+1Wq0AwCyFL+3nt2bEw05wfxSz+DWpWsitgmSgYmy2dQdWyKC1694ELPqMs/YzUSNozLt8A==
  dependencies:
    whatwg-url "^5.0.0"

picocolors@^1.0.1:
  version "1.0.1"
  resolved "https://registry.yarnpkg.com/picocolors/-/picocolors-1.0.1.tgz#a8ad579b571952f0e5d25892de5445bcfe25aaa1"
  integrity sha512-anP1Z8qwhkbmu7MFP5iTt+wQKXgwzf7zTyGlcdzabySa9vd0Xt392U0rVmz9poOaBj0uHJKyyo9/upk0HrEQew==

psl@^1.1.33:
  version "1.9.0"
  resolved "https://registry.yarnpkg.com/psl/-/psl-1.9.0.tgz#d0df2a137f00794565fcaf3b2c00cd09f8d5a5a7"
  integrity sha512-E/ZsdU4HLs/68gYzgGTkMicWTLPdAftJLfJFlLUAAKZGkStNU72sZjT66SnMDVOfOWY/YAoiD7Jxa9iHvngcag==

punycode@^2.1.1:
  version "2.3.1"
  resolved "https://registry.yarnpkg.com/punycode/-/punycode-2.3.1.tgz#027422e2faec0b25e1549c3e1bd8309b9133b6e5"
  integrity sha512-vYt7UD1U9Wg6138shLtLOvdAu+8DsC/ilFtEVHcH+wydcSpNE20AfSOduf6MkRFahL5FY7X1oU7nKVZFtfq8Fg==

querystringify@^2.1.1:
  version "2.2.0"
  resolved "https://registry.yarnpkg.com/querystringify/-/querystringify-2.2.0.tgz#3345941b4153cb9d082d8eee4cda2016a9aef7f6"
  integrity sha512-FIqgj2EUvTa7R50u0rGsyTftzjYmv/a3hO345bZNrqabNqjtgiDMgmo4mkUjd+nzU5oF3dClKqFIPUKybUyqoQ==

requires-port@^1.0.0:
  version "1.0.0"
  resolved "https://registry.yarnpkg.com/requires-port/-/requires-port-1.0.0.tgz#925d2601d39ac485e091cf0da5c6e694dc3dcaff"
  integrity sha512-KigOCHcocU3XODJxsu8i/j8T9tzT4adHiecwORRQ0ZZFcp7ahwXuRU1m+yuO90C5ZUyGeGfocHDI14M3L3yDAQ==

set-cookie-parser@^2.4.8:
  version "2.6.0"
  resolved "https://registry.yarnpkg.com/set-cookie-parser/-/set-cookie-parser-2.6.0.tgz#131921e50f62ff1a66a461d7d62d7b21d5d15a51"
  integrity sha512-RVnVQxTXuerk653XfuliOxBP81Sf0+qfQE73LIYKcyMYHG94AuH0kgrQpRDuTZnSmjpysHmzxJXKNfa6PjFhyQ==

tough-cookie@^4.0.0, tough-cookie@^4.1.3:
  version "4.1.4"
  resolved "https://registry.yarnpkg.com/tough-cookie/-/tough-cookie-4.1.4.tgz#945f1461b45b5a8c76821c33ea49c3ac192c1b36"
  integrity sha512-Loo5UUvLD9ScZ6jh8beX1T6sO1w2/MpCRpEP7V280GKMVUQ0Jzar2U3UJPsrdbziLEMMhu3Ujnq//rhiFuIeag==
  dependencies:
    psl "^1.1.33"
    punycode "^2.1.1"
    universalify "^0.2.0"
    url-parse "^1.5.3"

tr46@~0.0.3:
  version "0.0.3"
  resolved "https://registry.yarnpkg.com/tr46/-/tr46-0.0.3.tgz#8184fd347dac9cdc185992f3a6622e14b9d9ab6a"
  integrity sha512-N3WMsuqV66lT30CrXNbEjx4GEwlow3v6rr4mCcv6prnfwhS01rkgyFdjPNBYd9br7LpXV1+Emh01fHnq2Gdgrw==

ts-mixer@^6.0.4:
  version "6.0.4"
  resolved "https://registry.yarnpkg.com/ts-mixer/-/ts-mixer-6.0.4.tgz#1da39ceabc09d947a82140d9f09db0f84919ca28"
  integrity sha512-ufKpbmrugz5Aou4wcr5Wc1UUFWOLhq+Fm6qa6P0w0K5Qw2yhaUoiWszhCVuNQyNwrlGiscHOmqYoAox1PtvgjA==

tslib@^2.6.2:
  version "2.6.2"
  resolved "https://registry.yarnpkg.com/tslib/-/tslib-2.6.2.tgz#703ac29425e7b37cd6fd456e92404d46d1f3e4ae"
  integrity sha512-AEYxH93jGFPn/a2iVAwW87VuUIkR1FVUKB77NwMF7nBTDkDrrT/Hpt/IrCJ0QXhW27jTBDcf5ZY7w6RiqTMw2Q==

undici-types@~5.26.4:
  version "5.26.5"
  resolved "https://registry.yarnpkg.com/undici-types/-/undici-types-5.26.5.tgz#bcd539893d00b56e964fd2657a4866b221a65617"
  integrity sha512-JlCMO+ehdEIKqlFxk6IfVoAUVmgz7cU7zD/h9XZ0qzeosSHmUJVOzSQvvYSYWXkFXC+IfLKSIffhv0sVZup6pA==

universalify@^0.2.0:
  version "0.2.0"
  resolved "https://registry.yarnpkg.com/universalify/-/universalify-0.2.0.tgz#6451760566fa857534745ab1dde952d1b1761be0"
  integrity sha512-CJ1QgKmNg3CwvAv/kOFmtnEN05f0D/cn9QntgNOQlQF9dgvVTHj3t+8JPdjqawCHk7V/KA+fbUqzZ9XWhcqPUg==

url-parse@^1.5.3:
  version "1.5.10"
  resolved "https://registry.yarnpkg.com/url-parse/-/url-parse-1.5.10.tgz#9d3c2f736c1d75dd3bd2be507dcc111f1e2ea9c1"
  integrity sha512-WypcfiRhfeUP9vvF0j6rw0J3hrWrw6iZv3+22h6iRMJ/8z1Tj6XfLP4DsUix5MhMPnXpiHDoKyoZ/bdCkwBCiQ==
  dependencies:
    querystringify "^2.1.1"
    requires-port "^1.0.0"

webidl-conversions@^3.0.0:
  version "3.0.1"
  resolved "https://registry.yarnpkg.com/webidl-conversions/-/webidl-conversions-3.0.1.tgz#24534275e2a7bc6be7bc86611cc16ae0a5654871"
  integrity sha512-2JAn3z8AR6rjK8Sm8orRC0h/bcl/DqL7tRPdGZ4I1CjdF+EaMLmYxBHyXuKL849eucPFhvBoxMsflfOb8kxaeQ==

whatwg-url@^5.0.0:
  version "5.0.0"
  resolved "https://registry.yarnpkg.com/whatwg-url/-/whatwg-url-5.0.0.tgz#966454e8765462e37644d3626f6742ce8b70965d"
  integrity sha512-saE57nupxk6v3HY35+jzBwYa0rKSy0XR8JSxZPwgLr7ys0IBzhGviA1/TUGJLmSVqs8pb9AnvICXEuOHLprYTw==
  dependencies:
    tr46 "~0.0.3"
    webidl-conversions "^3.0.0"

ws@^8.16.0:
  version "8.17.0"
  resolved "https://registry.yarnpkg.com/ws/-/ws-8.17.0.tgz#d145d18eca2ed25aaf791a183903f7be5e295fea"
  integrity sha512-uJq6108EgZMAl20KagGkzCKfMEjxmKvZHG7Tlq0Z6nOky7YF7aq4mOx6xK8TJ/i1LeK4Qus7INktacctDgY8Ow==
